
Microsoft Visual Studio Solution File, Format Version 12.00
# Visual Studio 15
VisualStudioVersion = 15.0.28010.2026
MinimumVisualStudioVersion = 10.0.40219.1
Project("{FAE04EC0-301F-11D3-BF4B-00C04F79EFBC}") = "Ejemplo Herencia", "Ejercicios Herencia\Ejemplo Herencia.csproj", "{3D82E470-DE95-4AD5-9876-FBDAB07DAC87}"
EndProject
Global
	GlobalSection(SolutionConfigurationPlatforms) = preSolution
		Debug|Any CPU = Debug|Any CPU
		Release|Any CPU = Release|Any CPU
	EndGlobalSection
	GlobalSection(ProjectConfigurationPlatforms) = postSolution
		{3D82E470-DE95-4AD5-9876-FBDAB07DAC87}.Debug|Any CPU.ActiveCfg = Debug|Any CPU
		{3D82E470-DE95-4AD5-9876-FBDAB07DAC87}.Debug|Any CPU.Build.0 = Debug|Any CPU
		{3D82E470-DE95-4AD5-9876-FBDAB07DAC87}.Release|Any CPU.ActiveCfg = Release|Any CPU
		{3D82E470-DE95-4AD5-9876-FBDAB07DAC87}.Release|Any CPU.Build.0 = Release|Any CPU
	EndGlobalSection
	GlobalSection(SolutionProperties) = preSolution
		HideSolutionNode = FALSE
	EndGlobalSection
	GlobalSection(ExtensibilityGlobals) = postSolution
		SolutionGuid = {97F0EBDD-5F11-42C4-B7DA-B235BD842FCF}
	EndGlobalSection
EndGlobal
